PODS:
  - FMDB (2.1):
    - FMDB/standard
  - FMDB/common (2.1)
  - FMDB/standard (2.1):
    - FMDB/common
  - GRMustache (6.6.0):
    - JRSwizzle (~> 1.0)
  - JRSwizzle (1.0)
  - OCMock (2.2.1)

DEPENDENCIES:
  - FMDB (~> 2.1)
  - GRMustache (~> 6.6.0)
  - OCMock (~> 2.2.1)

SPEC CHECKSUMS:
  FMDB: 2a4025247d22fb28865db84c744706385f806d7d
  GRMustache: 822485381d327d1fd6de2ac466c8b153988a5ba1
  JRSwizzle: 30da7a2c539a4ebf954b16d15f6dd8221c9f6fa5
  OCMock: 0647d3c53ce945e6f1dbaf072a66848aeb376a40

COCOAPODS: 0.33.1
